
Microsoft Visual Studio Solution File, Format Version 12.00
# Visual Studio 15
VisualStudioVersion = 15.0.28307.136
MinimumVisualStudioVersion = 10.0.40219.1
Project("{FAE04EC0-301F-11D3-BF4B-00C04F79EFBC}") = "AdaSharpTest", "AdaSharpTest\AdaSharpTest.csproj", "{24C91EDE-CF39-41EC-83C4-31D72B0AF3F2}"
EndProject
Project("{FAE04EC0-301F-11D3-BF4B-00C04F79EFBC}") = "AdaSharp", "AdaSharp\AdaSharp.csproj", "{1D8EB7AD-A4F7-48D0-B1BB-1FD7AF8D921A}"
EndProject
Global
	GlobalSection(SolutionConfigurationPlatforms) = preSolution
		Debug|Any CPU = Debug|Any CPU
		Release|Any CPU = Release|Any CPU
	EndGlobalSection
	GlobalSection(ProjectConfigurationPlatforms) = postSolution
		{24C91EDE-CF39-41EC-83C4-31D72B0AF3F2}.Debug|Any CPU.ActiveCfg = Debug|Any CPU
		{24C91EDE-CF39-41EC-83C4-31D72B0AF3F2}.Debug|Any CPU.Build.0 = Debug|Any CPU
		{24C91EDE-CF39-41EC-83C4-31D72B0AF3F2}.Release|Any CPU.ActiveCfg = Release|Any CPU
		{24C91EDE-CF39-41EC-83C4-31D72B0AF3F2}.Release|Any CPU.Build.0 = Release|Any CPU
		{1D8EB7AD-A4F7-48D0-B1BB-1FD7AF8D921A}.Debug|Any CPU.ActiveCfg = Debug|Any CPU
		{1D8EB7AD-A4F7-48D0-B1BB-1FD7AF8D921A}.Debug|Any CPU.Build.0 = Debug|Any CPU
		{1D8EB7AD-A4F7-48D0-B1BB-1FD7AF8D921A}.Release|Any CPU.ActiveCfg = Release|Any CPU
		{1D8EB7AD-A4F7-48D0-B1BB-1FD7AF8D921A}.Release|Any CPU.Build.0 = Release|Any CPU
	EndGlobalSection
	GlobalSection(SolutionProperties) = preSolution
		HideSolutionNode = FALSE
	EndGlobalSection
	GlobalSection(ExtensibilityGlobals) = postSolution
		SolutionGuid = {EEF50795-BE11-42F3-A28B-5EEA74CCFF4E}
	EndGlobalSection
EndGlobal
